
Microsoft Visual Studio Solution File, Format Version 12.00
# Visual Studio Version 17
VisualStudioVersion = 17.7.34031.279
MinimumVisualStudioVersion = 10.0.40219.1
Project("{FAE04EC0-301F-11D3-BF4B-00C04F79EFBC}") = "Quiz01", "Quiz01.csproj", "{346F4DAC-4E55-4B08-8347-C00A5A847E30}"
EndProject
Global
	GlobalSection(SolutionConfigurationPlatforms) = preSolution
		Debug|Any CPU = Debug|Any CPU
		Release|Any CPU = Release|Any CPU
	EndGlobalSection
	GlobalSection(ProjectConfigurationPlatforms) = postSolution
		{346F4DAC-4E55-4B08-8347-C00A5A847E30}.Debug|Any CPU.ActiveCfg = Debug|Any CPU
		{346F4DAC-4E55-4B08-8347-C00A5A847E30}.Debug|Any CPU.Build.0 = Debug|Any CPU
		{346F4DAC-4E55-4B08-8347-C00A5A847E30}.Release|Any CPU.ActiveCfg = Release|Any CPU
		{346F4DAC-4E55-4B08-8347-C00A5A847E30}.Release|Any CPU.Build.0 = Release|Any CPU
	EndGlobalSection
	GlobalSection(SolutionProperties) = preSolution
		HideSolutionNode = FALSE
	EndGlobalSection
	GlobalSection(ExtensibilityGlobals) = postSolution
		SolutionGuid = {73550C79-B610-4BD1-8277-92CCE578DEC3}
	EndGlobalSection
EndGlobal
