
Microsoft Visual Studio Solution File, Format Version 12.00
# Visual Studio Version 17
VisualStudioVersion = 17.7.34031.279
MinimumVisualStudioVersion = 10.0.40219.1
Project("{FAE04EC0-301F-11D3-BF4B-00C04F79EFBC}") = "EX5.2", "EX5.2.csproj", "{5DAFCA93-3425-4B25-BE7D-E70720E8DD74}"
EndProject
Global
	GlobalSection(SolutionConfigurationPlatforms) = preSolution
		Debug|Any CPU = Debug|Any CPU
		Release|Any CPU = Release|Any CPU
	EndGlobalSection
	GlobalSection(ProjectConfigurationPlatforms) = postSolution
		{5DAFCA93-3425-4B25-BE7D-E70720E8DD74}.Debug|Any CPU.ActiveCfg = Debug|Any CPU
		{5DAFCA93-3425-4B25-BE7D-E70720E8DD74}.Debug|Any CPU.Build.0 = Debug|Any CPU
		{5DAFCA93-3425-4B25-BE7D-E70720E8DD74}.Release|Any CPU.ActiveCfg = Release|Any CPU
		{5DAFCA93-3425-4B25-BE7D-E70720E8DD74}.Release|Any CPU.Build.0 = Release|Any CPU
	EndGlobalSection
	GlobalSection(SolutionProperties) = preSolution
		HideSolutionNode = FALSE
	EndGlobalSection
	GlobalSection(ExtensibilityGlobals) = postSolution
		SolutionGuid = {29FE46E8-6247-45A4-9CE0-647006CE55C9}
	EndGlobalSection
EndGlobal
