
Microsoft Visual Studio Solution File, Format Version 12.00
# Visual Studio Version 17
VisualStudioVersion = 17.7.34031.279
MinimumVisualStudioVersion = 10.0.40219.1
Project("{FAE04EC0-301F-11D3-BF4B-00C04F79EFBC}") = "OpenCVWinform01", "OpenCVWinform01.csproj", "{FA5A3A4C-57F9-4305-AEA6-A0F8817BAAB2}"
EndProject
Global
	GlobalSection(SolutionConfigurationPlatforms) = preSolution
		Debug|Any CPU = Debug|Any CPU
		Release|Any CPU = Release|Any CPU
	EndGlobalSection
	GlobalSection(ProjectConfigurationPlatforms) = postSolution
		{FA5A3A4C-57F9-4305-AEA6-A0F8817BAAB2}.Debug|Any CPU.ActiveCfg = Debug|Any CPU
		{FA5A3A4C-57F9-4305-AEA6-A0F8817BAAB2}.Debug|Any CPU.Build.0 = Debug|Any CPU
		{FA5A3A4C-57F9-4305-AEA6-A0F8817BAAB2}.Release|Any CPU.ActiveCfg = Release|Any CPU
		{FA5A3A4C-57F9-4305-AEA6-A0F8817BAAB2}.Release|Any CPU.Build.0 = Release|Any CPU
	EndGlobalSection
	GlobalSection(SolutionProperties) = preSolution
		HideSolutionNode = FALSE
	EndGlobalSection
	GlobalSection(ExtensibilityGlobals) = postSolution
		SolutionGuid = {2ACCA889-811C-4819-845C-0D0433209A36}
	EndGlobalSection
EndGlobal
